{
  "nodes": {
    "home-manager": {
      "inputs": {
        "nixpkgs": [
          "nixpkgs"
        ]
      },
      "locked": {
        "lastModified": 1756650373,
        "narHash": "sha256-Iz0dNCNvLLxVGjOOF1/TJvZ4iKXE96BTgKDObCs9u+M=",
        "owner": "nix-community",
        "repo": "home-manager",
        "rev": "e44549074a574d8bda612945a88e4a1fd3c456a8",
        "type": "github"
      },
      "original": {
        "owner": "nix-community",
        "repo": "home-manager",
        "type": "github"
      }
    },
    "nixpkgs": {
      "locked": {
        "lastModified": 1756469547,
        "narHash": "sha256-YvtD2E7MYsQ3r7K9K2G7nCslCKMPShoSEAtbjHLtH0k=",
        "owner": "nixos",
        "repo": "nixpkgs",
        "rev": "41d292bfc37309790f70f4c120b79280ce40af16",
        "type": "github"
      },
      "original": {
        "owner": "nixos",
        "ref": "nixos-25.05",
        "repo": "nixpkgs",
        "type": "github"
      }
    },
    "root": {
      "inputs": {
        "home-manager": "home-manager",
        "nixpkgs": "nixpkgs"
      }
    }
  },
  "root": "root",
  "version": 7
}
